{
  "originHash" : "617eb7d0a28c5e970d2d993060ae7997a66e494e01d9f9761fd1109f55078f79",
  "pins" : [
    {
      "identity" : "ffmpegkitspm",
      "kind" : "remoteSourceControl",
      "location" : "https://github.com/ailu2533/FFmpegKitSPM.git",
      "state" : {
        "branch" : "main",
        "revision" : "9d6734fa8154fe0c13fca477c924fa3dc8198dce"
      }
    }
  ],
  "version" : 3
}
